
Microsoft Visual Studio Solution File, Format Version 12.00
# Visual Studio Version 17
VisualStudioVersion = 17.3.32519.111
MinimumVisualStudioVersion = 10.0.40219.1
Project("{FAE04EC0-301F-11D3-BF4B-00C04F79EFBC}") = "StackTrain.API", "src\StackTrain.API\StackTrain.API.csproj", "{E36660F7-6842-4EF6-AE6F-4D60EB25BF4A}"
EndProject
Global
	GlobalSection(SolutionConfigurationPlatforms) = preSolution
		Debug|Any CPU = Debug|Any CPU
		Release|Any CPU = Release|Any CPU
	EndGlobalSection
	GlobalSection(ProjectConfigurationPlatforms) = postSolution
		{E36660F7-6842-4EF6-AE6F-4D60EB25BF4A}.Debug|Any CPU.ActiveCfg = Debug|Any CPU
		{E36660F7-6842-4EF6-AE6F-4D60EB25BF4A}.Debug|Any CPU.Build.0 = Debug|Any CPU
		{E36660F7-6842-4EF6-AE6F-4D60EB25BF4A}.Release|Any CPU.ActiveCfg = Release|Any CPU
		{E36660F7-6842-4EF6-AE6F-4D60EB25BF4A}.Release|Any CPU.Build.0 = Release|Any CPU
	EndGlobalSection
	GlobalSection(SolutionProperties) = preSolution
		HideSolutionNode = FALSE
	EndGlobalSection
	GlobalSection(ExtensibilityGlobals) = postSolution
		SolutionGuid = {D0F09666-3B4A-4F5F-8566-E05122C48A6A}
	EndGlobalSection
EndGlobal
